
Microsoft Visual Studio Solution File, Format Version 12.00
# Visual Studio Version 16
VisualStudioVersion = 16.0.30503.244
MinimumVisualStudioVersion = 10.0.40219.1
Project("{9A19103F-16F7-4668-BE54-9A1E7A4F7556}") = "GenericHostSample", "GenericHostSample.csproj", "{4FC44EF0-5A44-45BB-8C7C-03116AA1BE11}"
EndProject
Global
	GlobalSection(SolutionConfigurationPlatforms) = preSolution
		Debug|Any CPU = Debug|Any CPU
		Release|Any CPU = Release|Any CPU
	EndGlobalSection
	GlobalSection(ProjectConfigurationPlatforms) = postSolution
		{4FC44EF0-5A44-45BB-8C7C-03116AA1BE11}.Debug|Any CPU.ActiveCfg = Debug|Any CPU
		{4FC44EF0-5A44-45BB-8C7C-03116AA1BE11}.Debug|Any CPU.Build.0 = Debug|Any CPU
		{4FC44EF0-5A44-45BB-8C7C-03116AA1BE11}.Release|Any CPU.ActiveCfg = Release|Any CPU
		{4FC44EF0-5A44-45BB-8C7C-03116AA1BE11}.Release|Any CPU.Build.0 = Release|Any CPU
	EndGlobalSection
	GlobalSection(SolutionProperties) = preSolution
		HideSolutionNode = FALSE
	EndGlobalSection
	GlobalSection(ExtensibilityGlobals) = postSolution
		SolutionGuid = {C355485C-359A-4F5D-8974-3635C5266643}
	EndGlobalSection
EndGlobal
